// !$*UTF8*$!
{
	archiveVersion = 1;
	classes = {
	};
	objectVersion = 46;
	objects = {

/* Begin PBXBuildFile section */
		084689AA1AE77C47004606A4 /* testing.c in Sources */ = {isa = PBXBuildFile; fileRef = 084689A61AE77C47004606A4 /* testing.c */; };
		08CB92DA1AE62A7F00DAC314 /* cclient.c in Sources */ = {isa = PBXBuildFile; fileRef = 08CB92D81AE62A7F00DAC314 /* cclient.c */; };
/* End PBXBuildFile section */

/* Begin PBXCopyFilesBuildPhase section */
		08CB92CC1AE62A6300DAC314 /* CopyFiles */ = {
			isa = PBXCopyFilesBuildPhase;
			buildActionMask = 2147483647;
			dstPath = /usr/share/man/man1/;
			dstSubfolderSpec = 0;
			files = (
			);
			runOnlyForDeploymentPostprocessing = 1;
		};
/* End PBXCopyFilesBuildPhase section */

/* Begin PBXFileReference section */
		084689A31AE77C47004606A4 /* networks.h */ = {isa = PBXFileReference; fileEncoding = 4; lastKnownFileType = sourcecode.c.h; path = networks.h; sourceTree = "<group>"; };
		084689A61AE77C47004606A4 /* testing.c */ = {isa = PBXFileReference; fileEncoding = 4; lastKnownFileType = sourcecode.c.c; path = testing.c; sourceTree = "<group>"; };
		084689A71AE77C47004606A4 /* testing.h */ = {isa = PBXFileReference; fileEncoding = 4; lastKnownFileType = sourcecode.c.h; path = testing.h; sourceTree = "<group>"; };
		08CB92CE1AE62A6300DAC314 /* cclient */ = {isa = PBXFileReference; explicitFileType = "compiled.mach-o.executable"; includeInIndex = 0; path = cclient; sourceTree = BUILT_PRODUCTS_DIR; };
		08CB92D81AE62A7F00DAC314 /* cclient.c */ = {isa = PBXFileReference; fileEncoding = 4; lastKnownFileType = sourcecode.c.c; lineEnding = 0; path = cclient.c; sourceTree = "<group>"; };
		08CB92D91AE62A7F00DAC314 /* cclient.h */ = {isa = PBXFileReference; fileEncoding = 4; lastKnownFileType = sourcecode.c.h; path = cclient.h; sourceTree = "<group>"; };
/* End PBXFileReference section */

/* Begin PBXFrameworksBuildPhase section */
		08CB92CB1AE62A6300DAC314 /* Frameworks */ = {
			isa = PBXFrameworksBuildPhase;
			buildActionMask = 2147483647;
			files = (
			);
			runOnlyForDeploymentPostprocessing = 0;
		};
/* End PBXFrameworksBuildPhase section */

/* Begin PBXGroup section */
		08CB92C51AE62A6200DAC314 = {
			isa = PBXGroup;
			children = (
				08CB92D01AE62A6300DAC314 /* cclient */,
				08CB92CF1AE62A6300DAC314 /* Products */,
			);
			sourceTree = "<group>";
		};
		08CB92CF1AE62A6300DAC314 /* Products */ = {
			isa = PBXGroup;
			children = (
				08CB92CE1AE62A6300DAC314 /* cclient */,
			);
			name = Products;
			sourceTree = "<group>";
		};
		08CB92D01AE62A6300DAC314 /* cclient */ = {
			isa = PBXGroup;
			children = (
				084689A31AE77C47004606A4 /* networks.h */,
				084689A61AE77C47004606A4 /* testing.c */,
				084689A71AE77C47004606A4 /* testing.h */,
				08CB92D81AE62A7F00DAC314 /* cclient.c */,
				08CB92D91AE62A7F00DAC314 /* cclient.h */,
			);
			path = cclient;
			sourceTree = "<group>";
		};
/* End PBXGroup section */

/* Begin PBXNativeTarget section */
		08CB92CD1AE62A6300DAC314 /* cclient */ = {
			isa = PBXNativeTarget;
			buildConfigurationList = 08CB92D51AE62A6300DAC314 /* Build configuration list for PBXNativeTarget "cclient" */;
			buildPhases = (
				08CB92CA1AE62A6300DAC314 /* Sources */,
				08CB92CB1AE62A6300DAC314 /* Frameworks */,
				08CB92CC1AE62A6300DAC314 /* CopyFiles */,
			);
			buildRules = (
			);
			dependencies = (
			);
			name = cclient;
			productName = cclient;
			productReference = 08CB92CE1AE62A6300DAC314 /* cclient */;
			productType = "com.apple.product-type.tool";
		};
/* End PBXNativeTarget section */

/* Begin PBXProject section */
		08CB92C61AE62A6200DAC314 /* Project object */ = {
			isa = PBXProject;
			attributes = {
				LastUpgradeCheck = 0620;
				ORGANIZATIONNAME = "T.J. Stone";
				TargetAttributes = {
					08CB92CD1AE62A6300DAC314 = {
						CreatedOnToolsVersion = 6.2;
					};
				};
			};
			buildConfigurationList = 08CB92C91AE62A6200DAC314 /* Build configuration list for PBXProject "cclient" */;
			compatibilityVersion = "Xcode 3.2";
			developmentRegion = English;
			hasScannedForEncodings = 0;
			knownRegions = (
				en,
			);
			mainGroup = 08CB92C51AE62A6200DAC314;
			productRefGroup = 08CB92CF1AE62A6300DAC314 /* Products */;
			projectDirPath = "";
			projectRoot = "";
			targets = (
				08CB92CD1AE62A6300DAC314 /* cclient */,
			);
		};
/* End PBXProject section */

/* Begin PBXSourcesBuildPhase section */
		08CB92CA1AE62A6300DAC314 /* Sources */ = {
			isa = PBXSourcesBuildPhase;
			buildActionMask = 2147483647;
			files = (
				084689AA1AE77C47004606A4 /* testing.c in Sources */,
				08CB92DA1AE62A7F00DAC314 /* cclient.c in Sources */,
			);
			runOnlyForDeploymentPostprocessing = 0;
		};
/* End PBXSourcesBuildPhase section */

/* Begin XCBuildConfiguration section */
		08CB92D31AE62A6300DAC314 /* Debug */ = {
			isa = XCBuildConfiguration;
			buildSettings = {
				ALWAYS_SEARCH_USER_PATHS = NO;
				CLANG_CXX_LANGUAGE_STANDARD = "gnu++0x";
				CLANG_CXX_LIBRARY = "libc++";
				CLANG_ENABLE_MODULES = YES;
				CLANG_ENABLE_OBJC_ARC = YES;
				CLANG_WARN_BOOL_CONVERSION = YES;
				CLANG_WARN_CONSTANT_CONVERSION = YES;
				CLANG_WARN_DIRECT_OBJC_ISA_USAGE = YES_ERROR;
				CLANG_WARN_EMPTY_BODY = YES;
				CLANG_WARN_ENUM_CONVERSION = YES;
				CLANG_WARN_INT_CONVERSION = YES;
				CLANG_WARN_OBJC_ROOT_CLASS = YES_ERROR;
				CLANG_WARN_UNREACHABLE_CODE = YES;
				CLANG_WARN__DUPLICATE_METHOD_MATCH = YES;
				COPY_PHASE_STRIP = NO;
				ENABLE_STRICT_OBJC_MSGSEND = YES;
				GCC_C_LANGUAGE_STANDARD = gnu99;
				GCC_DYNAMIC_NO_PIC = NO;
				GCC_OPTIMIZATION_LEVEL = 0;
				GCC_PREPROCESSOR_DEFINITIONS = (
					"DEBUG=1",
					"$(inherited)",
				);
				GCC_SYMBOLS_PRIVATE_EXTERN = NO;
				GCC_WARN_64_TO_32_BIT_CONVERSION = YES;
				GCC_WARN_ABOUT_RETURN_TYPE = YES_ERROR;
				GCC_WARN_UNDECLARED_SELECTOR = YES;
				GCC_WARN_UNINITIALIZED_AUTOS = YES_AGGRESSIVE;
				GCC_WARN_UNUSED_FUNCTION = YES;
				GCC_WARN_UNUSED_VARIABLE = YES;
				MACOSX_DEPLOYMENT_TARGET = 10.10;
				MTL_ENABLE_DEBUG_INFO = YES;
				ONLY_ACTIVE_ARCH = YES;
				SDKROOT = macosx;
			};
			name = Debug;
		};
		08CB92D41AE62A6300DAC314 /* Release */ = {
			isa = XCBuildConfiguration;
			buildSettings = {
				ALWAYS_SEARCH_USER_PATHS = NO;
				CLANG_CXX_LANGUAGE_STANDARD = "gnu++0x";
				CLANG_CXX_LIBRARY = "libc++";
				CLANG_ENABLE_MODULES = YES;
				CLANG_ENABLE_OBJC_ARC = YES;
				CLANG_WARN_BOOL_CONVERSION = YES;
				CLANG_WARN_CONSTANT_CONVERSION = YES;
				CLANG_WARN_DIRECT_OBJC_ISA_USAGE = YES_ERROR;
				CLANG_WARN_EMPTY_BODY = YES;
				CLANG_WARN_ENUM_CONVERSION = YES;
				CLANG_WARN_INT_CONVERSION = YES;
				CLANG_WARN_OBJC_ROOT_CLASS = YES_ERROR;
				CLANG_WARN_UNREACHABLE_CODE = YES;
				CLANG_WARN__DUPLICATE_METHOD_MATCH = YES;
				COPY_PHASE_STRIP = NO;
				DEBUG_INFORMATION_FORMAT = "dwarf-with-dsym";
				ENABLE_NS_ASSERTIONS = NO;
				ENABLE_STRICT_OBJC_MSGSEND = YES;
				GCC_C_LANGUAGE_STANDARD = gnu99;
				GCC_WARN_64_TO_32_BIT_CONVERSION = YES;
				GCC_WARN_ABOUT_RETURN_TYPE = YES_ERROR;
				GCC_WARN_UNDECLARED_SELECTOR = YES;
				GCC_WARN_UNINITIALIZED_AUTOS = YES_AGGRESSIVE;
				GCC_WARN_UNUSED_FUNCTION = YES;
				GCC_WARN_UNUSED_VARIABLE = YES;
				MACOSX_DEPLOYMENT_TARGET = 10.10;
				MTL_ENABLE_DEBUG_INFO = NO;
				SDKROOT = macosx;
			};
			name = Release;
		};
		08CB92D61AE62A6300DAC314 /* Debug */ = {
			isa = XCBuildConfiguration;
			buildSettings = {
				PRODUCT_NAME = "$(TARGET_NAME)";
			};
			name = Debug;
		};
		08CB92D71AE62A6300DAC314 /* Release */ = {
			isa = XCBuildConfiguration;
			buildSettings = {
				PRODUCT_NAME = "$(TARGET_NAME)";
			};
			name = Release;
		};
/* End XCBuildConfiguration section */

/* Begin XCConfigurationList section */
		08CB92C91AE62A6200DAC314 /* Build configuration list for PBXProject "cclient" */ = {
			isa = XCConfigurationList;
			buildConfigurations = (
				08CB92D31AE62A6300DAC314 /* Debug */,
				08CB92D41AE62A6300DAC314 /* Release */,
			);
			defaultConfigurationIsVisible = 0;
			defaultConfigurationName = Release;
		};
		08CB92D51AE62A6300DAC314 /* Build configuration list for PBXNativeTarget "cclient" */ = {
			isa = XCConfigurationList;
			buildConfigurations = (
				08CB92D61AE62A6300DAC314 /* Debug */,
				08CB92D71AE62A6300DAC314 /* Release */,
			);
			defaultConfigurationIsVisible = 0;
			defaultConfigurationName = Release;
		};
/* End XCConfigurationList section */
	};
	rootObject = 08CB92C61AE62A6200DAC314 /* Project object */;
}
